
Microsoft Visual Studio Solution File, Format Version 12.00
# Visual Studio Version 17
VisualStudioVersion = 17.5.002.0
MinimumVisualStudioVersion = 10.0.40219.1
Project("{9A19103F-16F7-4668-BE54-9A1E7A4F7556}") = "APL2003", "APL2003.csproj", "{571813B8-6678-42BB-9A35-7F2C108A630B}"
EndProject
Global
	GlobalSection(SolutionConfigurationPlatforms) = preSolution
		Debug|Any CPU = Debug|Any CPU
		Release|Any CPU = Release|Any CPU
	EndGlobalSection
	GlobalSection(ProjectConfigurationPlatforms) = postSolution
		{571813B8-6678-42BB-9A35-7F2C108A630B}.Debug|Any CPU.ActiveCfg = Debug|Any CPU
		{571813B8-6678-42BB-9A35-7F2C108A630B}.Debug|Any CPU.Build.0 = Debug|Any CPU
		{571813B8-6678-42BB-9A35-7F2C108A630B}.Release|Any CPU.ActiveCfg = Release|Any CPU
		{571813B8-6678-42BB-9A35-7F2C108A630B}.Release|Any CPU.Build.0 = Release|Any CPU
	EndGlobalSection
	GlobalSection(SolutionProperties) = preSolution
		HideSolutionNode = FALSE
	EndGlobalSection
	GlobalSection(ExtensibilityGlobals) = postSolution
		SolutionGuid = {1745D086-2665-4B27-8366-711D6B384188}
	EndGlobalSection
EndGlobal
